
Microsoft Visual Studio Solution File, Format Version 12.00
# Visual Studio Version 17
VisualStudioVersion = 17.7.34018.315
MinimumVisualStudioVersion = 10.0.40219.1
Project("{FAE04EC0-301F-11D3-BF4B-00C04F79EFBC}") = "HelloWorld2 - NathanPeach", "HelloWorld2 - NathanPeach\HelloWorld2 - NathanPeach.csproj", "{65657414-6D7E-49B1-8D72-48CE8F710BB7}"
EndProject
Global
	GlobalSection(SolutionConfigurationPlatforms) = preSolution
		Debug|Any CPU = Debug|Any CPU
		Release|Any CPU = Release|Any CPU
	EndGlobalSection
	GlobalSection(ProjectConfigurationPlatforms) = postSolution
		{65657414-6D7E-49B1-8D72-48CE8F710BB7}.Debug|Any CPU.ActiveCfg = Debug|Any CPU
		{65657414-6D7E-49B1-8D72-48CE8F710BB7}.Debug|Any CPU.Build.0 = Debug|Any CPU
		{65657414-6D7E-49B1-8D72-48CE8F710BB7}.Release|Any CPU.ActiveCfg = Release|Any CPU
		{65657414-6D7E-49B1-8D72-48CE8F710BB7}.Release|Any CPU.Build.0 = Release|Any CPU
	EndGlobalSection
	GlobalSection(SolutionProperties) = preSolution
		HideSolutionNode = FALSE
	EndGlobalSection
	GlobalSection(ExtensibilityGlobals) = postSolution
		SolutionGuid = {A2980838-C9D5-4DD6-805C-7DE1D4F9EDD5}
	EndGlobalSection
EndGlobal
